dependencies:
- name: kafka
  repository: https://charts.bitnami.com/bitnami
  version: 23.0.7
- name: kubernetes-dashboard
  repository: https://kubernetes.github.io/dashboard/
  version: 6.0.7
- name: kafka-ui
  repository: https://provectus.github.io/kafka-ui-charts
  version: 0.7.2
digest: sha256:85b97cefe8249a427b504e285166f3af88c8a0af45b8070c35459dc7eb540aa9
generated: "2023-08-13T05:55:15.724544669+09:00"
